
Microsoft Visual Studio Solution File, Format Version 12.00
# Visual Studio Version 17
VisualStudioVersion = 17.5.33627.172
MinimumVisualStudioVersion = 10.0.40219.1
Project("{9A19103F-16F7-4668-BE54-9A1E7A4F7556}") = "bytebank", "bytebank_ADM\bytebank.csproj", "{A1516AFD-A21F-4037-ABF2-36A956017157}"
EndProject
Global
	GlobalSection(SolutionConfigurationPlatforms) = preSolution
		Debug|Any CPU = Debug|Any CPU
		Release|Any CPU = Release|Any CPU
	EndGlobalSection
	GlobalSection(ProjectConfigurationPlatforms) = postSolution
		{A1516AFD-A21F-4037-ABF2-36A956017157}.Debug|Any CPU.ActiveCfg = Debug|Any CPU
		{A1516AFD-A21F-4037-ABF2-36A956017157}.Debug|Any CPU.Build.0 = Debug|Any CPU
		{A1516AFD-A21F-4037-ABF2-36A956017157}.Release|Any CPU.ActiveCfg = Release|Any CPU
		{A1516AFD-A21F-4037-ABF2-36A956017157}.Release|Any CPU.Build.0 = Release|Any CPU
	EndGlobalSection
	GlobalSection(SolutionProperties) = preSolution
		HideSolutionNode = FALSE
	EndGlobalSection
	GlobalSection(ExtensibilityGlobals) = postSolution
		SolutionGuid = {41ECA384-9C2E-4B88-89AB-A30B76ACD580}
	EndGlobalSection
EndGlobal
